
Microsoft Visual Studio Solution File, Format Version 12.00
# Visual Studio Version 17
VisualStudioVersion = 17.9.34714.143
MinimumVisualStudioVersion = 10.0.40219.1
Project("{8BC9CEB8-8B4A-11D0-8D11-00A0C91BC942}") = "CppCLR_WinFormsProject1", "CppCLR_WinFormsProject1\CppCLR_WinFormsProject1.vcxproj", "{190F2B15-5812-4986-A1E8-19F6078A5FA4}"
EndProject
Global
	GlobalSection(SolutionConfigurationPlatforms) = preSolution
		Debug|x64 = Debug|x64
		Debug|x86 = Debug|x86
		Release|x64 = Release|x64
		Release|x86 = Release|x86
	EndGlobalSection
	GlobalSection(ProjectConfigurationPlatforms) = postSolution
		{190F2B15-5812-4986-A1E8-19F6078A5FA4}.Debug|x64.ActiveCfg = Debug|x64
		{190F2B15-5812-4986-A1E8-19F6078A5FA4}.Debug|x64.Build.0 = Debug|x64
		{190F2B15-5812-4986-A1E8-19F6078A5FA4}.Debug|x86.ActiveCfg = Debug|Win32
		{190F2B15-5812-4986-A1E8-19F6078A5FA4}.Debug|x86.Build.0 = Debug|Win32
		{190F2B15-5812-4986-A1E8-19F6078A5FA4}.Release|x64.ActiveCfg = Release|x64
		{190F2B15-5812-4986-A1E8-19F6078A5FA4}.Release|x64.Build.0 = Release|x64
		{190F2B15-5812-4986-A1E8-19F6078A5FA4}.Release|x86.ActiveCfg = Release|Win32
		{190F2B15-5812-4986-A1E8-19F6078A5FA4}.Release|x86.Build.0 = Release|Win32
	EndGlobalSection
	GlobalSection(SolutionProperties) = preSolution
		HideSolutionNode = FALSE
	EndGlobalSection
	GlobalSection(ExtensibilityGlobals) = postSolution
		SolutionGuid = {CBA8AA6E-A1B6-43BB-AEF1-74F227758292}
	EndGlobalSection
EndGlobal
